// !$*UTF8*$!
{
	archiveVersion = 1;
	classes = {
	};
	objectVersion = 46;
	objects = {

/* Begin PBXBuildFile section */
		7D2EF3F41DA50E28004D6E06 /* AppDelegate.swift in Sources */ = {isa = PBXBuildFile; fileRef = 7D2EF3F31DA50E28004D6E06 /* AppDelegate.swift */; };
		7D2EF3F61DA50E28004D6E06 /* ViewController.swift in Sources */ = {isa = PBXBuildFile; fileRef = 7D2EF3F51DA50E28004D6E06 /* ViewController.swift */; };
		7D2EF3F91DA50E28004D6E06 /* Main.storyboard in Resources */ = {isa = PBXBuildFile; fileRef = 7D2EF3F71DA50E28004D6E06 /* Main.storyboard */; };
		7D2EF3FB1DA50E28004D6E06 /* Assets.xcassets in Resources */ = {isa = PBXBuildFile; fileRef = 7D2EF3FA1DA50E28004D6E06 /* Assets.xcassets */; };
		7D2EF3FE1DA50E28004D6E06 /* LaunchScreen.storyboard in Resources */ = {isa = PBXBuildFile; fileRef = 7D2EF3FC1DA50E28004D6E06 /* LaunchScreen.storyboard */; };
		7D2EF4091DA50E28004D6E06 /* ColllectioViewDemoTests.swift in Sources */ = {isa = PBXBuildFile; fileRef = 7D2EF4081DA50E28004D6E06 /* ColllectioViewDemoTests.swift */; };
		7D2EF4141DA50E28004D6E06 /* ColllectioViewDemoUITests.swift in Sources */ = {isa = PBXBuildFile; fileRef = 7D2EF4131DA50E28004D6E06 /* ColllectioViewDemoUITests.swift */; };
/* End PBXBuildFile section */

/* Begin PBXContainerItemProxy section */
		7D2EF4051DA50E28004D6E06 /* PBXContainerItemProxy */ = {
			isa = PBXContainerItemProxy;
			containerPortal = 7D2EF3E81DA50E28004D6E06 /* Project object */;
			proxyType = 1;
			remoteGlobalIDString = 7D2EF3EF1DA50E28004D6E06;
			remoteInfo = ColllectioViewDemo;
		};
		7D2EF4101DA50E28004D6E06 /* PBXContainerItemProxy */ = {
			isa = PBXContainerItemProxy;
			containerPortal = 7D2EF3E81DA50E28004D6E06 /* Project object */;
			proxyType = 1;
			remoteGlobalIDString = 7D2EF3EF1DA50E28004D6E06;
			remoteInfo = ColllectioViewDemo;
		};
/* End PBXContainerItemProxy section */

/* Begin PBXFileReference section */
		7D2EF3F01DA50E28004D6E06 /* ColllectioViewDemo.app */ = {isa = PBXFileReference; explicitFileType = wrapper.application; includeInIndex = 0; path = ColllectioViewDemo.app; sourceTree = BUILT_PRODUCTS_DIR; };
		7D2EF3F31DA50E28004D6E06 /* AppDelegate.swift */ = {isa = PBXFileReference; lastKnownFileType = sourcecode.swift; path = AppDelegate.swift; sourceTree = "<group>"; };
		7D2EF3F51DA50E28004D6E06 /* ViewController.swift */ = {isa = PBXFileReference; lastKnownFileType = sourcecode.swift; path = ViewController.swift; sourceTree = "<group>"; };
		7D2EF3F81DA50E28004D6E06 /* Base */ = {isa = PBXFileReference; lastKnownFileType = file.storyboard; name = Base; path = Base.lproj/Main.storyboard; sourceTree = "<group>"; };
		7D2EF3FA1DA50E28004D6E06 /* Assets.xcassets */ = {isa = PBXFileReference; lastKnownFileType = folder.assetcatalog; path = Assets.xcassets; sourceTree = "<group>"; };
		7D2EF3FD1DA50E28004D6E06 /* Base */ = {isa = PBXFileReference; lastKnownFileType = file.storyboard; name = Base; path = Base.lproj/LaunchScreen.storyboard; sourceTree = "<group>"; };
		7D2EF3FF1DA50E28004D6E06 /* Info.plist */ = {isa = PBXFileReference; lastKnownFileType = text.plist.xml; path = Info.plist; sourceTree = "<group>"; };
		7D2EF4041DA50E28004D6E06 /* ColllectioViewDemoTests.xctest */ = {isa = PBXFileReference; explicitFileType = wrapper.cfbundle; includeInIndex = 0; path = ColllectioViewDemoTests.xctest; sourceTree = BUILT_PRODUCTS_DIR; };
		7D2EF4081DA50E28004D6E06 /* ColllectioViewDemoTests.swift */ = {isa = PBXFileReference; lastKnownFileType = sourcecode.swift; path = ColllectioViewDemoTests.swift; sourceTree = "<group>"; };
		7D2EF40A1DA50E28004D6E06 /* Info.plist */ = {isa = PBXFileReference; lastKnownFileType = text.plist.xml; path = Info.plist; sourceTree = "<group>"; };
		7D2EF40F1DA50E28004D6E06 /* ColllectioViewDemoUITests.xctest */ = {isa = PBXFileReference; explicitFileType = wrapper.cfbundle; includeInIndex = 0; path = ColllectioViewDemoUITests.xctest; sourceTree = BUILT_PRODUCTS_DIR; };
		7D2EF4131DA50E28004D6E06 /* ColllectioViewDemoUITests.swift */ = {isa = PBXFileReference; lastKnownFileType = sourcecode.swift; path = ColllectioViewDemoUITests.swift; sourceTree = "<group>"; };
		7D2EF4151DA50E28004D6E06 /* Info.plist */ = {isa = PBXFileReference; lastKnownFileType = text.plist.xml; path = Info.plist; sourceTree = "<group>"; };
/* End PBXFileReference section */

/* Begin PBXFrameworksBuildPhase section */
		7D2EF3ED1DA50E28004D6E06 /* Frameworks */ = {
			isa = PBXFrameworksBuildPhase;
			buildActionMask = 2147483647;
			files = (
			);
			runOnlyForDeploymentPostprocessing = 0;
		};
		7D2EF4011DA50E28004D6E06 /* Frameworks */ = {
			isa = PBXFrameworksBuildPhase;
			buildActionMask = 2147483647;
			files = (
			);
			runOnlyForDeploymentPostprocessing = 0;
		};
		7D2EF40C1DA50E28004D6E06 /* Frameworks */ = {
			isa = PBXFrameworksBuildPhase;
			buildActionMask = 2147483647;
			files = (
			);
			runOnlyForDeploymentPostprocessing = 0;
		};
/* End PBXFrameworksBuildPhase section */

/* Begin PBXGroup section */
		7D2EF3E71DA50E28004D6E06 = {
			isa = PBXGroup;
			children = (
				7D2EF3F21DA50E28004D6E06 /* ColllectioViewDemo */,
				7D2EF4071DA50E28004D6E06 /* ColllectioViewDemoTests */,
				7D2EF4121DA50E28004D6E06 /* ColllectioViewDemoUITests */,
				7D2EF3F11DA50E28004D6E06 /* Products */,
			);
			sourceTree = "<group>";
		};
		7D2EF3F11DA50E28004D6E06 /* Products */ = {
			isa = PBXGroup;
			children = (
				7D2EF3F01DA50E28004D6E06 /* ColllectioViewDemo.app */,
				7D2EF4041DA50E28004D6E06 /* ColllectioViewDemoTests.xctest */,
				7D2EF40F1DA50E28004D6E06 /* ColllectioViewDemoUITests.xctest */,
			);
			name = Products;
			sourceTree = "<group>";
		};
		7D2EF3F21DA50E28004D6E06 /* ColllectioViewDemo */ = {
			isa = PBXGroup;
			children = (
				7D2EF3F31DA50E28004D6E06 /* AppDelegate.swift */,
				7D2EF3F51DA50E28004D6E06 /* ViewController.swift */,
				7D2EF3F71DA50E28004D6E06 /* Main.storyboard */,
				7D2EF3FA1DA50E28004D6E06 /* Assets.xcassets */,
				7D2EF3FC1DA50E28004D6E06 /* LaunchScreen.storyboard */,
				7D2EF3FF1DA50E28004D6E06 /* Info.plist */,
			);
			path = ColllectioViewDemo;
			sourceTree = "<group>";
		};
		7D2EF4071DA50E28004D6E06 /* ColllectioViewDemoTests */ = {
			isa = PBXGroup;
			children = (
				7D2EF4081DA50E28004D6E06 /* ColllectioViewDemoTests.swift */,
				7D2EF40A1DA50E28004D6E06 /* Info.plist */,
			);
			path = ColllectioViewDemoTests;
			sourceTree = "<group>";
		};
		7D2EF4121DA50E28004D6E06 /* ColllectioViewDemoUITests */ = {
			isa = PBXGroup;
			children = (
				7D2EF4131DA50E28004D6E06 /* ColllectioViewDemoUITests.swift */,
				7D2EF4151DA50E28004D6E06 /* Info.plist */,
			);
			path = ColllectioViewDemoUITests;
			sourceTree = "<group>";
		};
/* End PBXGroup section */

/* Begin PBXNativeTarget section */
		7D2EF3EF1DA50E28004D6E06 /* ColllectioViewDemo */ = {
			isa = PBXNativeTarget;
			buildConfigurationList = 7D2EF4181DA50E28004D6E06 /* Build configuration list for PBXNativeTarget "ColllectioViewDemo" */;
			buildPhases = (
				7D2EF3EC1DA50E28004D6E06 /* Sources */,
				7D2EF3ED1DA50E28004D6E06 /* Frameworks */,
				7D2EF3EE1DA50E28004D6E06 /* Resources */,
			);
			buildRules = (
			);
			dependencies = (
			);
			name = ColllectioViewDemo;
			productName = ColllectioViewDemo;
			productReference = 7D2EF3F01DA50E28004D6E06 /* ColllectioViewDemo.app */;
			productType = "com.apple.product-type.application";
		};
		7D2EF4031DA50E28004D6E06 /* ColllectioViewDemoTests */ = {
			isa = PBXNativeTarget;
			buildConfigurationList = 7D2EF41B1DA50E28004D6E06 /* Build configuration list for PBXNativeTarget "ColllectioViewDemoTests" */;
			buildPhases = (
				7D2EF4001DA50E28004D6E06 /* Sources */,
				7D2EF4011DA50E28004D6E06 /* Frameworks */,
				7D2EF4021DA50E28004D6E06 /* Resources */,
			);
			buildRules = (
			);
			dependencies = (
				7D2EF4061DA50E28004D6E06 /* PBXTargetDependency */,
			);
			name = ColllectioViewDemoTests;
			productName = ColllectioViewDemoTests;
			productReference = 7D2EF4041DA50E28004D6E06 /* ColllectioViewDemoTests.xctest */;
			productType = "com.apple.product-type.bundle.unit-test";
		};
		7D2EF40E1DA50E28004D6E06 /* ColllectioViewDemoUITests */ = {
			isa = PBXNativeTarget;
			buildConfigurationList = 7D2EF41E1DA50E28004D6E06 /* Build configuration list for PBXNativeTarget "ColllectioViewDemoUITests" */;
			buildPhases = (
				7D2EF40B1DA50E28004D6E06 /* Sources */,
				7D2EF40C1DA50E28004D6E06 /* Frameworks */,
				7D2EF40D1DA50E28004D6E06 /* Resources */,
			);
			buildRules = (
			);
			dependencies = (
				7D2EF4111DA50E28004D6E06 /* PBXTargetDependency */,
			);
			name = ColllectioViewDemoUITests;
			productName = ColllectioViewDemoUITests;
			productReference = 7D2EF40F1DA50E28004D6E06 /* ColllectioViewDemoUITests.xctest */;
			productType = "com.apple.product-type.bundle.ui-testing";
		};
/* End PBXNativeTarget section */

/* Begin PBXProject section */
		7D2EF3E81DA50E28004D6E06 /* Project object */ = {
			isa = PBXProject;
			attributes = {
				LastSwiftUpdateCheck = 0800;
				LastUpgradeCheck = 0800;
				ORGANIZATIONNAME = "Viresh Madabhavi";
				TargetAttributes = {
					7D2EF3EF1DA50E28004D6E06 = {
						CreatedOnToolsVersion = 8.0;
						ProvisioningStyle = Automatic;
					};
					7D2EF4031DA50E28004D6E06 = {
						CreatedOnToolsVersion = 8.0;
						ProvisioningStyle = Automatic;
						TestTargetID = 7D2EF3EF1DA50E28004D6E06;
					};
					7D2EF40E1DA50E28004D6E06 = {
						CreatedOnToolsVersion = 8.0;
						ProvisioningStyle = Automatic;
						TestTargetID = 7D2EF3EF1DA50E28004D6E06;
					};
				};
			};
			buildConfigurationList = 7D2EF3EB1DA50E28004D6E06 /* Build configuration list for PBXProject "ColllectioViewDemo" */;
			compatibilityVersion = "Xcode 3.2";
			developmentRegion = English;
			hasScannedForEncodings = 0;
			knownRegions = (
				en,
				Base,
			);
			mainGroup = 7D2EF3E71DA50E28004D6E06;
			productRefGroup = 7D2EF3F11DA50E28004D6E06 /* Products */;
			projectDirPath = "";
			projectRoot = "";
			targets = (
				7D2EF3EF1DA50E28004D6E06 /* ColllectioViewDemo */,
				7D2EF4031DA50E28004D6E06 /* ColllectioViewDemoTests */,
				7D2EF40E1DA50E28004D6E06 /* ColllectioViewDemoUITests */,
			);
		};
/* End PBXProject section */

/* Begin PBXResourcesBuildPhase section */
		7D2EF3EE1DA50E28004D6E06 /* Resources */ = {
			isa = PBXResourcesBuildPhase;
			buildActionMask = 2147483647;
			files = (
				7D2EF3FE1DA50E28004D6E06 /* LaunchScreen.storyboard in Resources */,
				7D2EF3FB1DA50E28004D6E06 /* Assets.xcassets in Resources */,
				7D2EF3F91DA50E28004D6E06 /* Main.storyboard in Resources */,
			);
			runOnlyForDeploymentPostprocessing = 0;
		};
		7D2EF4021DA50E28004D6E06 /* Resources */ = {
			isa = PBXResourcesBuildPhase;
			buildActionMask = 2147483647;
			files = (
			);
			runOnlyForDeploymentPostprocessing = 0;
		};
		7D2EF40D1DA50E28004D6E06 /* Resources */ = {
			isa = PBXResourcesBuildPhase;
			buildActionMask = 2147483647;
			files = (
			);
			runOnlyForDeploymentPostprocessing = 0;
		};
/* End PBXResourcesBuildPhase section */

/* Begin PBXSourcesBuildPhase section */
		7D2EF3EC1DA50E28004D6E06 /* Sources */ = {
			isa = PBXSourcesBuildPhase;
			buildActionMask = 2147483647;
			files = (
				7D2EF3F61DA50E28004D6E06 /* ViewController.swift in Sources */,
				7D2EF3F41DA50E28004D6E06 /* AppDelegate.swift in Sources */,
			);
			runOnlyForDeploymentPostprocessing = 0;
		};
		7D2EF4001DA50E28004D6E06 /* Sources */ = {
			isa = PBXSourcesBuildPhase;
			buildActionMask = 2147483647;
			files = (
				7D2EF4091DA50E28004D6E06 /* ColllectioViewDemoTests.swift in Sources */,
			);
			runOnlyForDeploymentPostprocessing = 0;
		};
		7D2EF40B1DA50E28004D6E06 /* Sources */ = {
			isa = PBXSourcesBuildPhase;
			buildActionMask = 2147483647;
			files = (
				7D2EF4141DA50E28004D6E06 /* ColllectioViewDemoUITests.swift in Sources */,
			);
			runOnlyForDeploymentPostprocessing = 0;
		};
/* End PBXSourcesBuildPhase section */

/* Begin PBXTargetDependency section */
		7D2EF4061DA50E28004D6E06 /* PBXTargetDependency */ = {
			isa = PBXTargetDependency;
			target = 7D2EF3EF1DA50E28004D6E06 /* ColllectioViewDemo */;
			targetProxy = 7D2EF4051DA50E28004D6E06 /* PBXContainerItemProxy */;
		};
		7D2EF4111DA50E28004D6E06 /* PBXTargetDependency */ = {
			isa = PBXTargetDependency;
			target = 7D2EF3EF1DA50E28004D6E06 /* ColllectioViewDemo */;
			targetProxy = 7D2EF4101DA50E28004D6E06 /* PBXContainerItemProxy */;
		};
/* End PBXTargetDependency section */

/* Begin PBXVariantGroup section */
		7D2EF3F71DA50E28004D6E06 /* Main.storyboard */ = {
			isa = PBXVariantGroup;
			children = (
				7D2EF3F81DA50E28004D6E06 /* Base */,
			);
			name = Main.storyboard;
			sourceTree = "<group>";
		};
		7D2EF3FC1DA50E28004D6E06 /* LaunchScreen.storyboard */ = {
			isa = PBXVariantGroup;
			children = (
				7D2EF3FD1DA50E28004D6E06 /* Base */,
			);
			name = LaunchScreen.storyboard;
			sourceTree = "<group>";
		};
/* End PBXVariantGroup section */

/* Begin XCBuildConfiguration section */
		7D2EF4161DA50E28004D6E06 /* Debug */ = {
			isa = XCBuildConfiguration;
			buildSettings = {
				ALWAYS_SEARCH_USER_PATHS = NO;
				CLANG_ANALYZER_NONNULL = YES;
				CLANG_CXX_LANGUAGE_STANDARD = "gnu++0x";
				CLANG_CXX_LIBRARY = "libc++";
				CLANG_ENABLE_MODULES = YES;
				CLANG_ENABLE_OBJC_ARC = YES;
				CLANG_WARN_BOOL_CONVERSION = YES;
				CLANG_WARN_CONSTANT_CONVERSION = YES;
				CLANG_WARN_DIRECT_OBJC_ISA_USAGE = YES_ERROR;
				CLANG_WARN_DOCUMENTATION_COMMENTS = YES;
				CLANG_WARN_EMPTY_BODY = YES;
				CLANG_WARN_ENUM_CONVERSION = YES;
				CLANG_WARN_INFINITE_RECURSION = YES;
				CLANG_WARN_INT_CONVERSION = YES;
				CLANG_WARN_OBJC_ROOT_CLASS = YES_ERROR;
				CLANG_WARN_SUSPICIOUS_MOVES = YES;
				CLANG_WARN_UNREACHABLE_CODE = YES;
				CLANG_WARN__DUPLICATE_METHOD_MATCH = YES;
				"CODE_SIGN_IDENTITY[sdk=iphoneos*]" = "iPhone Developer";
				COPY_PHASE_STRIP = NO;
				DEBUG_INFORMATION_FORMAT = dwarf;
				ENABLE_STRICT_OBJC_MSGSEND = YES;
				ENABLE_TESTABILITY = YES;
				GCC_C_LANGUAGE_STANDARD = gnu99;
				GCC_DYNAMIC_NO_PIC = NO;
				GCC_NO_COMMON_BLOCKS = YES;
				GCC_OPTIMIZATION_LEVEL = 0;
				GCC_PREPROCESSOR_DEFINITIONS = (
					"DEBUG=1",
					"$(inherited)",
				);
				GCC_WARN_64_TO_32_BIT_CONVERSION = YES;
				GCC_WARN_ABOUT_RETURN_TYPE = YES_ERROR;
				GCC_WARN_UNDECLARED_SELECTOR = YES;
				GCC_WARN_UNINITIALIZED_AUTOS = YES_AGGRESSIVE;
				GCC_WARN_UNUSED_FUNCTION = YES;
				GCC_WARN_UNUSED_VARIABLE = YES;
				IPHONEOS_DEPLOYMENT_TARGET = 10.0;
				MTL_ENABLE_DEBUG_INFO = YES;
				ONLY_ACTIVE_ARCH = YES;
				SDKROOT = iphoneos;
				SWIFT_ACTIVE_COMPILATION_CONDITIONS = DEBUG;
				SWIFT_OPTIMIZATION_LEVEL = "-Onone";
				TARGETED_DEVICE_FAMILY = "1,2";
			};
			name = Debug;
		};
		7D2EF4171DA50E28004D6E06 /* Release */ = {
			isa = XCBuildConfiguration;
			buildSettings = {
				ALWAYS_SEARCH_USER_PATHS = NO;
				CLANG_ANALYZER_NONNULL = YES;
				CLANG_CXX_LANGUAGE_STANDARD = "gnu++0x";
				CLANG_CXX_LIBRARY = "libc++";
				CLANG_ENABLE_MODULES = YES;
				CLANG_ENABLE_OBJC_ARC = YES;
				CLANG_WARN_BOOL_CONVERSION = YES;
				CLANG_WARN_CONSTANT_CONVERSION = YES;
				CLANG_WARN_DIRECT_OBJC_ISA_USAGE = YES_ERROR;
				CLANG_WARN_DOCUMENTATION_COMMENTS = YES;
				CLANG_WARN_EMPTY_BODY = YES;
				CLANG_WARN_ENUM_CONVERSION = YES;
				CLANG_WARN_INFINITE_RECURSION = YES;
				CLANG_WARN_INT_CONVERSION = YES;
				CLANG_WARN_OBJC_ROOT_CLASS = YES_ERROR;
				CLANG_WARN_SUSPICIOUS_MOVES = YES;
				CLANG_WARN_UNREACHABLE_CODE = YES;
				CLANG_WARN__DUPLICATE_METHOD_MATCH = YES;
				"CODE_SIGN_IDENTITY[sdk=iphoneos*]" = "iPhone Developer";
				COPY_PHASE_STRIP = NO;
				DEBUG_INFORMATION_FORMAT = "dwarf-with-dsym";
				ENABLE_NS_ASSERTIONS = NO;
				ENABLE_STRICT_OBJC_MSGSEND = YES;
				GCC_C_LANGUAGE_STANDARD = gnu99;
				GCC_NO_COMMON_BLOCKS = YES;
				GCC_WARN_64_TO_32_BIT_CONVERSION = YES;
				GCC_WARN_ABOUT_RETURN_TYPE = YES_ERROR;
				GCC_WARN_UNDECLARED_SELECTOR = YES;
				GCC_WARN_UNINITIALIZED_AUTOS = YES_AGGRESSIVE;
				GCC_WARN_UNUSED_FUNCTION = YES;
				GCC_WARN_UNUSED_VARIABLE = YES;
				IPHONEOS_DEPLOYMENT_TARGET = 10.0;
				MTL_ENABLE_DEBUG_INFO = NO;
				SDKROOT = iphoneos;
				SWIFT_OPTIMIZATION_LEVEL = "-Owholemodule";
				TARGETED_DEVICE_FAMILY = "1,2";
				VALIDATE_PRODUCT = YES;
			};
			name = Release;
		};
		7D2EF4191DA50E28004D6E06 /* Debug */ = {
			isa = XCBuildConfiguration;
			buildSettings = {
				ASSETCATALOG_COMPILER_APPICON_NAME = AppIcon;
				INFOPLIST_FILE = ColllectioViewDemo/Info.plist;
				LD_RUNPATH_SEARCH_PATHS = "$(inherited) @executable_path/Frameworks";
				PRODUCT_BUNDLE_IDENTIFIER = com.raweng.dailydemo.ColllectioViewDemo;
				PRODUCT_NAME = "$(TARGET_NAME)";
				SWIFT_VERSION = 3.0;
			};
			name = Debug;
		};
		7D2EF41A1DA50E28004D6E06 /* Release */ = {
			isa = XCBuildConfiguration;
			buildSettings = {
				ASSETCATALOG_COMPILER_APPICON_NAME = AppIcon;
				INFOPLIST_FILE = ColllectioViewDemo/Info.plist;
				LD_RUNPATH_SEARCH_PATHS = "$(inherited) @executable_path/Frameworks";
				PRODUCT_BUNDLE_IDENTIFIER = com.raweng.dailydemo.ColllectioViewDemo;
				PRODUCT_NAME = "$(TARGET_NAME)";
				SWIFT_VERSION = 3.0;
			};
			name = Release;
		};
		7D2EF41C1DA50E28004D6E06 /* Debug */ = {
			isa = XCBuildConfiguration;
			buildSettings = {
				ALWAYS_EMBED_SWIFT_STANDARD_LIBRARIES = YES;
				BUNDLE_LOADER = "$(TEST_HOST)";
				INFOPLIST_FILE = ColllectioViewDemoTests/Info.plist;
				LD_RUNPATH_SEARCH_PATHS = "$(inherited) @executable_path/Frameworks @loader_path/Frameworks";
				PRODUCT_BUNDLE_IDENTIFIER = com.raweng.dailydemo.ColllectioViewDemoTests;
				PRODUCT_NAME = "$(TARGET_NAME)";
				SWIFT_VERSION = 3.0;
				TEST_HOST = "$(BUILT_PRODUCTS_DIR)/ColllectioViewDemo.app/ColllectioViewDemo";
			};
			name = Debug;
		};
		7D2EF41D1DA50E28004D6E06 /* Release */ = {
			isa = XCBuildConfiguration;
			buildSettings = {
				ALWAYS_EMBED_SWIFT_STANDARD_LIBRARIES = YES;
				BUNDLE_LOADER = "$(TEST_HOST)";
				INFOPLIST_FILE = ColllectioViewDemoTests/Info.plist;
				LD_RUNPATH_SEARCH_PATHS = "$(inherited) @executable_path/Frameworks @loader_path/Frameworks";
				PRODUCT_BUNDLE_IDENTIFIER = com.raweng.dailydemo.ColllectioViewDemoTests;
				PRODUCT_NAME = "$(TARGET_NAME)";
				SWIFT_VERSION = 3.0;
				TEST_HOST = "$(BUILT_PRODUCTS_DIR)/ColllectioViewDemo.app/ColllectioViewDemo";
			};
			name = Release;
		};
		7D2EF41F1DA50E28004D6E06 /* Debug */ = {
			isa = XCBuildConfiguration;
			buildSettings = {
				ALWAYS_EMBED_SWIFT_STANDARD_LIBRARIES = YES;
				INFOPLIST_FILE = ColllectioViewDemoUITests/Info.plist;
				LD_RUNPATH_SEARCH_PATHS = "$(inherited) @executable_path/Frameworks @loader_path/Frameworks";
				PRODUCT_BUNDLE_IDENTIFIER = com.raweng.dailydemo.ColllectioViewDemoUITests;
				PRODUCT_NAME = "$(TARGET_NAME)";
				SWIFT_VERSION = 3.0;
				TEST_TARGET_NAME = ColllectioViewDemo;
			};
			name = Debug;
		};
		7D2EF4201DA50E28004D6E06 /* Release */ = {
			isa = XCBuildConfiguration;
			buildSettings = {
				ALWAYS_EMBED_SWIFT_STANDARD_LIBRARIES = YES;
				INFOPLIST_FILE = ColllectioViewDemoUITests/Info.plist;
				LD_RUNPATH_SEARCH_PATHS = "$(inherited) @executable_path/Frameworks @loader_path/Frameworks";
				PRODUCT_BUNDLE_IDENTIFIER = com.raweng.dailydemo.ColllectioViewDemoUITests;
				PRODUCT_NAME = "$(TARGET_NAME)";
				SWIFT_VERSION = 3.0;
				TEST_TARGET_NAME = ColllectioViewDemo;
			};
			name = Release;
		};
/* End XCBuildConfiguration section */

/* Begin XCConfigurationList section */
		7D2EF3EB1DA50E28004D6E06 /* Build configuration list for PBXProject "ColllectioViewDemo" */ = {
			isa = XCConfigurationList;
			buildConfigurations = (
				7D2EF4161DA50E28004D6E06 /* Debug */,
				7D2EF4171DA50E28004D6E06 /* Release */,
			);
			defaultConfigurationIsVisible = 0;
			defaultConfigurationName = Release;
		};
		7D2EF4181DA50E28004D6E06 /* Build configuration list for PBXNativeTarget "ColllectioViewDemo" */ = {
			isa = XCConfigurationList;
			buildConfigurations = (
				7D2EF4191DA50E28004D6E06 /* Debug */,
				7D2EF41A1DA50E28004D6E06 /* Release */,
			);
			defaultConfigurationIsVisible = 0;
		};
		7D2EF41B1DA50E28004D6E06 /* Build configuration list for PBXNativeTarget "ColllectioViewDemoTests" */ = {
			isa = XCConfigurationList;
			buildConfigurations = (
				7D2EF41C1DA50E28004D6E06 /* Debug */,
				7D2EF41D1DA50E28004D6E06 /* Release */,
			);
			defaultConfigurationIsVisible = 0;
		};
		7D2EF41E1DA50E28004D6E06 /* Build configuration list for PBXNativeTarget "ColllectioViewDemoUITests" */ = {
			isa = XCConfigurationList;
			buildConfigurations = (
				7D2EF41F1DA50E28004D6E06 /* Debug */,
				7D2EF4201DA50E28004D6E06 /* Release */,
			);
			defaultConfigurationIsVisible = 0;
		};
/* End XCConfigurationList section */
	};
	rootObject = 7D2EF3E81DA50E28004D6E06 /* Project object */;
}
